
Microsoft Visual Studio Solution File, Format Version 12.00
# Visual Studio 15
VisualStudioVersion = 15.0.26430.12
MinimumVisualStudioVersion = 10.0.40219.1
Project("{9A19103F-16F7-4668-BE54-9A1E7A4F7556}") = "Xch.Core", "Xch.Core\Xch.Core.csproj", "{3ACD344C-F65B-40BD-93FE-0C79CCC19FC7}"
EndProject
Project("{9A19103F-16F7-4668-BE54-9A1E7A4F7556}") = "Xch.Web", "Xch.Web\Xch.Web.csproj", "{473B6D5B-E29F-4B3C-8586-B2E07037552D}"
EndProject
Project("{FAE04EC0-301F-11D3-BF4B-00C04F79EFBC}") = "Xch.Tests", "Xch.Tests\Xch.Tests.csproj", "{F57D47A1-799D-43F4-9759-95765F5A076B}"
EndProject
Global
	GlobalSection(SolutionConfigurationPlatforms) = preSolution
		Debug|Any CPU = Debug|Any CPU
		Release|Any CPU = Release|Any CPU
	EndGlobalSection
	GlobalSection(ProjectConfigurationPlatforms) = postSolution
		{3ACD344C-F65B-40BD-93FE-0C79CCC19FC7}.Debug|Any CPU.ActiveCfg = Debug|Any CPU
		{3ACD344C-F65B-40BD-93FE-0C79CCC19FC7}.Debug|Any CPU.Build.0 = Debug|Any CPU
		{3ACD344C-F65B-40BD-93FE-0C79CCC19FC7}.Release|Any CPU.ActiveCfg = Release|Any CPU
		{3ACD344C-F65B-40BD-93FE-0C79CCC19FC7}.Release|Any CPU.Build.0 = Release|Any CPU
		{473B6D5B-E29F-4B3C-8586-B2E07037552D}.Debug|Any CPU.ActiveCfg = Debug|Any CPU
		{473B6D5B-E29F-4B3C-8586-B2E07037552D}.Debug|Any CPU.Build.0 = Debug|Any CPU
		{473B6D5B-E29F-4B3C-8586-B2E07037552D}.Release|Any CPU.ActiveCfg = Release|Any CPU
		{473B6D5B-E29F-4B3C-8586-B2E07037552D}.Release|Any CPU.Build.0 = Release|Any CPU
		{F57D47A1-799D-43F4-9759-95765F5A076B}.Debug|Any CPU.ActiveCfg = Debug|Any CPU
		{F57D47A1-799D-43F4-9759-95765F5A076B}.Debug|Any CPU.Build.0 = Debug|Any CPU
		{F57D47A1-799D-43F4-9759-95765F5A076B}.Release|Any CPU.ActiveCfg = Release|Any CPU
		{F57D47A1-799D-43F4-9759-95765F5A076B}.Release|Any CPU.Build.0 = Release|Any CPU
	EndGlobalSection
	GlobalSection(SolutionProperties) = preSolution
		HideSolutionNode = FALSE
	EndGlobalSection
EndGlobal
